// !$*UTF8*$!
{
	archiveVersion = 1;
	classes = {
	};
	objectVersion = 51;
	objects = {

/* Begin PBXBuildFile section */
		A6D86B3D2603E8040088202E /* AppDelegate.swift in Sources */ = {isa = PBXBuildFile; fileRef = A6D86B3C2603E8040088202E /* AppDelegate.swift */; };
		A6D86B3F2603E8040088202E /* SceneDelegate.swift in Sources */ = {isa = PBXBuildFile; fileRef = A6D86B3E2603E8040088202E /* SceneDelegate.swift */; };
		A6D86B442603E8040088202E /* Main.storyboard in Resources */ = {isa = PBXBuildFile; fileRef = A6D86B422603E8040088202E /* Main.storyboard */; };
		A6D86B462603E8070088202E /* Assets.xcassets in Resources */ = {isa = PBXBuildFile; fileRef = A6D86B452603E8070088202E /* Assets.xcassets */; };
		A6D86B492603E8070088202E /* LaunchScreen.storyboard in Resources */ = {isa = PBXBuildFile; fileRef = A6D86B472603E8070088202E /* LaunchScreen.storyboard */; };
		A6D86B542603ECE90088202E /* ListTVC.swift in Sources */ = {isa = PBXBuildFile; fileRef = A6D86B532603ECE90088202E /* ListTVC.swift */; };
		A6D86B60260489330088202E /* Constans.swift in Sources */ = {isa = PBXBuildFile; fileRef = A6D86B5F260489330088202E /* Constans.swift */; };
		A6D86B6426049C880088202E /* NetworkWeatherManager.swift in Sources */ = {isa = PBXBuildFile; fileRef = A6D86B6326049C880088202E /* NetworkWeatherManager.swift */; };
		A6D86B6726049E060088202E /* WeatherData.swift in Sources */ = {isa = PBXBuildFile; fileRef = A6D86B6626049E060088202E /* WeatherData.swift */; };
		A6D86B6A2604AA6F0088202E /* Weather.swift in Sources */ = {isa = PBXBuildFile; fileRef = A6D86B692604AA6F0088202E /* Weather.swift */; };
		A6D86B6E2608ABF80088202E /* GetCitiesWeather.swift in Sources */ = {isa = PBXBuildFile; fileRef = A6D86B6D2608ABF80088202E /* GetCitiesWeather.swift */; };
		A6D86B71260B3A8D0088202E /* ListCell.swift in Sources */ = {isa = PBXBuildFile; fileRef = A6D86B70260B3A8C0088202E /* ListCell.swift */; };
		A6D86B74260B41AA0088202E /* DetailVC.swift in Sources */ = {isa = PBXBuildFile; fileRef = A6D86B73260B41AA0088202E /* DetailVC.swift */; };
		A6D86B7C260C88B00088202E /* AddCity.swift in Sources */ = {isa = PBXBuildFile; fileRef = A6D86B7B260C88B00088202E /* AddCity.swift */; };
		AC7556FB515ED7D9596CCAE8 /* Pods_WeatherApp.framework in Frameworks */ = {isa = PBXBuildFile; fileRef = D97E14838F132D72EA6D517C /* Pods_WeatherApp.framework */; };
/* End PBXBuildFile section */

/* Begin PBXFileReference section */
		26C1FD52A1DC98699F1F848E /* Pods-WeatherApp.release.xcconfig */ = {isa = PBXFileReference; includeInIndex = 1; lastKnownFileType = text.xcconfig; name = "Pods-WeatherApp.release.xcconfig"; path = "Target Support Files/Pods-WeatherApp/Pods-WeatherApp.release.xcconfig"; sourceTree = "<group>"; };
		3E941EAE6FA47ADCCB7DBCB6 /* Pods-WeatherApp.debug.xcconfig */ = {isa = PBXFileReference; includeInIndex = 1; lastKnownFileType = text.xcconfig; name = "Pods-WeatherApp.debug.xcconfig"; path = "Target Support Files/Pods-WeatherApp/Pods-WeatherApp.debug.xcconfig"; sourceTree = "<group>"; };
		A6D86B392603E8040088202E /* WeatherApp.app */ = {isa = PBXFileReference; explicitFileType = wrapper.application; includeInIndex = 0; path = WeatherApp.app; sourceTree = BUILT_PRODUCTS_DIR; };
		A6D86B3C2603E8040088202E /* AppDelegate.swift */ = {isa = PBXFileReference; lastKnownFileType = sourcecode.swift; path = AppDelegate.swift; sourceTree = "<group>"; };
		A6D86B3E2603E8040088202E /* SceneDelegate.swift */ = {isa = PBXFileReference; lastKnownFileType = sourcecode.swift; path = SceneDelegate.swift; sourceTree = "<group>"; };
		A6D86B432603E8040088202E /* Base */ = {isa = PBXFileReference; lastKnownFileType = file.storyboard; name = Base; path = Base.lproj/Main.storyboard; sourceTree = "<group>"; };
		A6D86B452603E8070088202E /* Assets.xcassets */ = {isa = PBXFileReference; lastKnownFileType = folder.assetcatalog; path = Assets.xcassets; sourceTree = "<group>"; };
		A6D86B482603E8070088202E /* Base */ = {isa = PBXFileReference; lastKnownFileType = file.storyboard; name = Base; path = Base.lproj/LaunchScreen.storyboard; sourceTree = "<group>"; };
		A6D86B4A2603E8070088202E /* Info.plist */ = {isa = PBXFileReference; lastKnownFileType = text.plist.xml; path = Info.plist; sourceTree = "<group>"; };
		A6D86B532603ECE90088202E /* ListTVC.swift */ = {isa = PBXFileReference; lastKnownFileType = sourcecode.swift; path = ListTVC.swift; sourceTree = "<group>"; };
		A6D86B5F260489330088202E /* Constans.swift */ = {isa = PBXFileReference; lastKnownFileType = sourcecode.swift; path = Constans.swift; sourceTree = "<group>"; };
		A6D86B6326049C880088202E /* NetworkWeatherManager.swift */ = {isa = PBXFileReference; lastKnownFileType = sourcecode.swift; path = NetworkWeatherManager.swift; sourceTree = "<group>"; };
		A6D86B6626049E060088202E /* WeatherData.swift */ = {isa = PBXFileReference; lastKnownFileType = sourcecode.swift; path = WeatherData.swift; sourceTree = "<group>"; };
		A6D86B692604AA6F0088202E /* Weather.swift */ = {isa = PBXFileReference; lastKnownFileType = sourcecode.swift; path = Weather.swift; sourceTree = "<group>"; };
		A6D86B6D2608ABF80088202E /* GetCitiesWeather.swift */ = {isa = PBXFileReference; lastKnownFileType = sourcecode.swift; path = GetCitiesWeather.swift; sourceTree = "<group>"; };
		A6D86B70260B3A8C0088202E /* ListCell.swift */ = {isa = PBXFileReference; lastKnownFileType = sourcecode.swift; path = ListCell.swift; sourceTree = "<group>"; };
		A6D86B73260B41AA0088202E /* DetailVC.swift */ = {isa = PBXFileReference; lastKnownFileType = sourcecode.swift; path = DetailVC.swift; sourceTree = "<group>"; };
		A6D86B7B260C88B00088202E /* AddCity.swift */ = {isa = PBXFileReference; lastKnownFileType = sourcecode.swift; path = AddCity.swift; sourceTree = "<group>"; };
		D97E14838F132D72EA6D517C /* Pods_WeatherApp.framework */ = {isa = PBXFileReference; explicitFileType = wrapper.framework; includeInIndex = 0; path = Pods_WeatherApp.framework; sourceTree = BUILT_PRODUCTS_DIR; };
/* End PBXFileReference section */

/* Begin PBXFrameworksBuildPhase section */
		A6D86B362603E8040088202E /* Frameworks */ = {
			isa = PBXFrameworksBuildPhase;
			buildActionMask = 2147483647;
			files = (
				AC7556FB515ED7D9596CCAE8 /* Pods_WeatherApp.framework in Frameworks */,
			);
			runOnlyForDeploymentPostprocessing = 0;
		};
/* End PBXFrameworksBuildPhase section */

/* Begin PBXGroup section */
		289CE7653C4EB17C9465BBD9 /* Frameworks */ = {
			isa = PBXGroup;
			children = (
				D97E14838F132D72EA6D517C /* Pods_WeatherApp.framework */,
			);
			name = Frameworks;
			sourceTree = "<group>";
		};
		A6D86B302603E8040088202E = {
			isa = PBXGroup;
			children = (
				A6D86B3B2603E8040088202E /* WeatherApp */,
				A6D86B3A2603E8040088202E /* Products */,
				E8827594C957A3B4A0E92BEF /* Pods */,
				289CE7653C4EB17C9465BBD9 /* Frameworks */,
			);
			sourceTree = "<group>";
		};
		A6D86B3A2603E8040088202E /* Products */ = {
			isa = PBXGroup;
			children = (
				A6D86B392603E8040088202E /* WeatherApp.app */,
			);
			name = Products;
			sourceTree = "<group>";
		};
		A6D86B3B2603E8040088202E /* WeatherApp */ = {
			isa = PBXGroup;
			children = (
				A6D86B59260488770088202E /* Model */,
				A6D86B5A260488980088202E /* View */,
				A6D86B5C260488FB0088202E /* Support */,
				A6D86B452603E8070088202E /* Assets.xcassets */,
				A6D86B4A2603E8070088202E /* Info.plist */,
			);
			path = WeatherApp;
			sourceTree = "<group>";
		};
		A6D86B59260488770088202E /* Model */ = {
			isa = PBXGroup;
			children = (
				A6D86B6326049C880088202E /* NetworkWeatherManager.swift */,
				A6D86B6626049E060088202E /* WeatherData.swift */,
				A6D86B692604AA6F0088202E /* Weather.swift */,
				A6D86B6D2608ABF80088202E /* GetCitiesWeather.swift */,
				A6D86B70260B3A8C0088202E /* ListCell.swift */,
				A6D86B7B260C88B00088202E /* AddCity.swift */,
			);
			path = Model;
			sourceTree = "<group>";
		};
		A6D86B5A260488980088202E /* View */ = {
			isa = PBXGroup;
			children = (
				A6D86B532603ECE90088202E /* ListTVC.swift */,
				A6D86B73260B41AA0088202E /* DetailVC.swift */,
				A6D86B422603E8040088202E /* Main.storyboard */,
				A6D86B472603E8070088202E /* LaunchScreen.storyboard */,
			);
			path = View;
			sourceTree = "<group>";
		};
		A6D86B5C260488FB0088202E /* Support */ = {
			isa = PBXGroup;
			children = (
				A6D86B3C2603E8040088202E /* AppDelegate.swift */,
				A6D86B3E2603E8040088202E /* SceneDelegate.swift */,
				A6D86B5F260489330088202E /* Constans.swift */,
			);
			path = Support;
			sourceTree = "<group>";
		};
		E8827594C957A3B4A0E92BEF /* Pods */ = {
			isa = PBXGroup;
			children = (
				3E941EAE6FA47ADCCB7DBCB6 /* Pods-WeatherApp.debug.xcconfig */,
				26C1FD52A1DC98699F1F848E /* Pods-WeatherApp.release.xcconfig */,
			);
			path = Pods;
			sourceTree = "<group>";
		};
/* End PBXGroup section */

/* Begin PBXNativeTarget section */
		A6D86B382603E8040088202E /* WeatherApp */ = {
			isa = PBXNativeTarget;
			buildConfigurationList = A6D86B4D2603E8070088202E /* Build configuration list for PBXNativeTarget "WeatherApp" */;
			buildPhases = (
				1CFD69BE5C9D203D4BA57C8B /* [CP] Check Pods Manifest.lock */,
				A6D86B352603E8040088202E /* Sources */,
				A6D86B362603E8040088202E /* Frameworks */,
				A6D86B372603E8040088202E /* Resources */,
				5F9E74B57D534F5DE3AA9178 /* [CP] Embed Pods Frameworks */,
			);
			buildRules = (
			);
			dependencies = (
			);
			name = WeatherApp;
			productName = WeatherApp;
			productReference = A6D86B392603E8040088202E /* WeatherApp.app */;
			productType = "com.apple.product-type.application";
		};
/* End PBXNativeTarget section */

/* Begin PBXProject section */
		A6D86B312603E8040088202E /* Project object */ = {
			isa = PBXProject;
			attributes = {
				LastSwiftUpdateCheck = 1220;
				LastUpgradeCheck = 1220;
				TargetAttributes = {
					A6D86B382603E8040088202E = {
						CreatedOnToolsVersion = 12.2;
					};
				};
			};
			buildConfigurationList = A6D86B342603E8040088202E /* Build configuration list for PBXProject "WeatherApp" */;
			compatibilityVersion = "Xcode 9.3";
			developmentRegion = en;
			hasScannedForEncodings = 0;
			knownRegions = (
				en,
				Base,
			);
			mainGroup = A6D86B302603E8040088202E;
			productRefGroup = A6D86B3A2603E8040088202E /* Products */;
			projectDirPath = "";
			projectRoot = "";
			targets = (
				A6D86B382603E8040088202E /* WeatherApp */,
			);
		};
/* End PBXProject section */

/* Begin PBXResourcesBuildPhase section */
		A6D86B372603E8040088202E /* Resources */ = {
			isa = PBXResourcesBuildPhase;
			buildActionMask = 2147483647;
			files = (
				A6D86B492603E8070088202E /* LaunchScreen.storyboard in Resources */,
				A6D86B462603E8070088202E /* Assets.xcassets in Resources */,
				A6D86B442603E8040088202E /* Main.storyboard in Resources */,
			);
			runOnlyForDeploymentPostprocessing = 0;
		};
/* End PBXResourcesBuildPhase section */

/* Begin PBXShellScriptBuildPhase section */
		1CFD69BE5C9D203D4BA57C8B /* [CP] Check Pods Manifest.lock */ = {
			isa = PBXShellScriptBuildPhase;
			buildActionMask = 2147483647;
			files = (
			);
			inputFileListPaths = (
			);
			inputPaths = (
				"${PODS_PODFILE_DIR_PATH}/Podfile.lock",
				"${PODS_ROOT}/Manifest.lock",
			);
			name = "[CP] Check Pods Manifest.lock";
			outputFileListPaths = (
			);
			outputPaths = (
				"$(DERIVED_FILE_DIR)/Pods-WeatherApp-checkManifestLockResult.txt",
			);
			runOnlyForDeploymentPostprocessing = 0;
			shellPath = /bin/sh;
			shellScript = "diff \"${PODS_PODFILE_DIR_PATH}/Podfile.lock\" \"${PODS_ROOT}/Manifest.lock\" > /dev/null\nif [ $? != 0 ] ; then\n    # print error to STDERR\n    echo \"error: The sandbox is not in sync with the Podfile.lock. Run 'pod install' or update your CocoaPods installation.\" >&2\n    exit 1\nfi\n# This output is used by Xcode 'outputs' to avoid re-running this script phase.\necho \"SUCCESS\" > \"${SCRIPT_OUTPUT_FILE_0}\"\n";
			showEnvVarsInLog = 0;
		};
		5F9E74B57D534F5DE3AA9178 /* [CP] Embed Pods Frameworks */ = {
			isa = PBXShellScriptBuildPhase;
			buildActionMask = 2147483647;
			files = (
			);
			inputFileListPaths = (
				"${PODS_ROOT}/Target Support Files/Pods-WeatherApp/Pods-WeatherApp-frameworks-${CONFIGURATION}-input-files.xcfilelist",
			);
			name = "[CP] Embed Pods Frameworks";
			outputFileListPaths = (
				"${PODS_ROOT}/Target Support Files/Pods-WeatherApp/Pods-WeatherApp-frameworks-${CONFIGURATION}-output-files.xcfilelist",
			);
			runOnlyForDeploymentPostprocessing = 0;
			shellPath = /bin/sh;
			shellScript = "\"${PODS_ROOT}/Target Support Files/Pods-WeatherApp/Pods-WeatherApp-frameworks.sh\"\n";
			showEnvVarsInLog = 0;
		};
/* End PBXShellScriptBuildPhase section */

/* Begin PBXSourcesBuildPhase section */
		A6D86B352603E8040088202E /* Sources */ = {
			isa = PBXSourcesBuildPhase;
			buildActionMask = 2147483647;
			files = (
				A6D86B542603ECE90088202E /* ListTVC.swift in Sources */,
				A6D86B3D2603E8040088202E /* AppDelegate.swift in Sources */,
				A6D86B6E2608ABF80088202E /* GetCitiesWeather.swift in Sources */,
				A6D86B6426049C880088202E /* NetworkWeatherManager.swift in Sources */,
				A6D86B60260489330088202E /* Constans.swift in Sources */,
				A6D86B74260B41AA0088202E /* DetailVC.swift in Sources */,
				A6D86B6726049E060088202E /* WeatherData.swift in Sources */,
				A6D86B71260B3A8D0088202E /* ListCell.swift in Sources */,
				A6D86B3F2603E8040088202E /* SceneDelegate.swift in Sources */,
				A6D86B6A2604AA6F0088202E /* Weather.swift in Sources */,
				A6D86B7C260C88B00088202E /* AddCity.swift in Sources */,
			);
			runOnlyForDeploymentPostprocessing = 0;
		};
/* End PBXSourcesBuildPhase section */

/* Begin PBXVariantGroup section */
		A6D86B422603E8040088202E /* Main.storyboard */ = {
			isa = PBXVariantGroup;
			children = (
				A6D86B432603E8040088202E /* Base */,
			);
			name = Main.storyboard;
			sourceTree = "<group>";
		};
		A6D86B472603E8070088202E /* LaunchScreen.storyboard */ = {
			isa = PBXVariantGroup;
			children = (
				A6D86B482603E8070088202E /* Base */,
			);
			name = LaunchScreen.storyboard;
			sourceTree = "<group>";
		};
/* End PBXVariantGroup section */

/* Begin XCBuildConfiguration section */
		A6D86B4B2603E8070088202E /* Debug */ = {
			isa = XCBuildConfiguration;
			buildSettings = {
				ALWAYS_SEARCH_USER_PATHS = NO;
				CLANG_ANALYZER_NONNULL = YES;
				CLANG_ANALYZER_NUMBER_OBJECT_CONVERSION = YES_AGGRESSIVE;
				CLANG_CXX_LANGUAGE_STANDARD = "gnu++14";
				CLANG_CXX_LIBRARY = "libc++";
				CLANG_ENABLE_MODULES = YES;
				CLANG_ENABLE_OBJC_ARC = YES;
				CLANG_ENABLE_OBJC_WEAK = YES;
				CLANG_WARN_BLOCK_CAPTURE_AUTORELEASING = YES;
				CLANG_WARN_BOOL_CONVERSION = YES;
				CLANG_WARN_COMMA = YES;
				CLANG_WARN_CONSTANT_CONVERSION = YES;
				CLANG_WARN_DEPRECATED_OBJC_IMPLEMENTATIONS = YES;
				CLANG_WARN_DIRECT_OBJC_ISA_USAGE = YES_ERROR;
				CLANG_WARN_DOCUMENTATION_COMMENTS = YES;
				CLANG_WARN_EMPTY_BODY = YES;
				CLANG_WARN_ENUM_CONVERSION = YES;
				CLANG_WARN_INFINITE_RECURSION = YES;
				CLANG_WARN_INT_CONVERSION = YES;
				CLANG_WARN_NON_LITERAL_NULL_CONVERSION = YES;
				CLANG_WARN_OBJC_IMPLICIT_RETAIN_SELF = YES;
				CLANG_WARN_OBJC_LITERAL_CONVERSION = YES;
				CLANG_WARN_OBJC_ROOT_CLASS = YES_ERROR;
				CLANG_WARN_QUOTED_INCLUDE_IN_FRAMEWORK_HEADER = YES;
				CLANG_WARN_RANGE_LOOP_ANALYSIS = YES;
				CLANG_WARN_STRICT_PROTOTYPES = YES;
				CLANG_WARN_SUSPICIOUS_MOVE = YES;
				CLANG_WARN_UNGUARDED_AVAILABILITY = YES_AGGRESSIVE;
				CLANG_WARN_UNREACHABLE_CODE = YES;
				CLANG_WARN__DUPLICATE_METHOD_MATCH = YES;
				COPY_PHASE_STRIP = NO;
				DEBUG_INFORMATION_FORMAT = dwarf;
				ENABLE_STRICT_OBJC_MSGSEND = YES;
				ENABLE_TESTABILITY = YES;
				GCC_C_LANGUAGE_STANDARD = gnu11;
				GCC_DYNAMIC_NO_PIC = NO;
				GCC_NO_COMMON_BLOCKS = YES;
				GCC_OPTIMIZATION_LEVEL = 0;
				GCC_PREPROCESSOR_DEFINITIONS = (
					"DEBUG=1",
					"$(inherited)",
				);
				GCC_WARN_64_TO_32_BIT_CONVERSION = YES;
				GCC_WARN_ABOUT_RETURN_TYPE = YES_ERROR;
				GCC_WARN_UNDECLARED_SELECTOR = YES;
				GCC_WARN_UNINITIALIZED_AUTOS = YES_AGGRESSIVE;
				GCC_WARN_UNUSED_FUNCTION = YES;
				GCC_WARN_UNUSED_VARIABLE = YES;
				IPHONEOS_DEPLOYMENT_TARGET = 14.2;
				MTL_ENABLE_DEBUG_INFO = INCLUDE_SOURCE;
				MTL_FAST_MATH = YES;
				ONLY_ACTIVE_ARCH = YES;
				SDKROOT = iphoneos;
				SWIFT_ACTIVE_COMPILATION_CONDITIONS = DEBUG;
				SWIFT_OPTIMIZATION_LEVEL = "-Onone";
			};
			name = Debug;
		};
		A6D86B4C2603E8070088202E /* Release */ = {
			isa = XCBuildConfiguration;
			buildSettings = {
				ALWAYS_SEARCH_USER_PATHS = NO;
				CLANG_ANALYZER_NONNULL = YES;
				CLANG_ANALYZER_NUMBER_OBJECT_CONVERSION = YES_AGGRESSIVE;
				CLANG_CXX_LANGUAGE_STANDARD = "gnu++14";
				CLANG_CXX_LIBRARY = "libc++";
				CLANG_ENABLE_MODULES = YES;
				CLANG_ENABLE_OBJC_ARC = YES;
				CLANG_ENABLE_OBJC_WEAK = YES;
				CLANG_WARN_BLOCK_CAPTURE_AUTORELEASING = YES;
				CLANG_WARN_BOOL_CONVERSION = YES;
				CLANG_WARN_COMMA = YES;
				CLANG_WARN_CONSTANT_CONVERSION = YES;
				CLANG_WARN_DEPRECATED_OBJC_IMPLEMENTATIONS = YES;
				CLANG_WARN_DIRECT_OBJC_ISA_USAGE = YES_ERROR;
				CLANG_WARN_DOCUMENTATION_COMMENTS = YES;
				CLANG_WARN_EMPTY_BODY = YES;
				CLANG_WARN_ENUM_CONVERSION = YES;
				CLANG_WARN_INFINITE_RECURSION = YES;
				CLANG_WARN_INT_CONVERSION = YES;
				CLANG_WARN_NON_LITERAL_NULL_CONVERSION = YES;
				CLANG_WARN_OBJC_IMPLICIT_RETAIN_SELF = YES;
				CLANG_WARN_OBJC_LITERAL_CONVERSION = YES;
				CLANG_WARN_OBJC_ROOT_CLASS = YES_ERROR;
				CLANG_WARN_QUOTED_INCLUDE_IN_FRAMEWORK_HEADER = YES;
				CLANG_WARN_RANGE_LOOP_ANALYSIS = YES;
				CLANG_WARN_STRICT_PROTOTYPES = YES;
				CLANG_WARN_SUSPICIOUS_MOVE = YES;
				CLANG_WARN_UNGUARDED_AVAILABILITY = YES_AGGRESSIVE;
				CLANG_WARN_UNREACHABLE_CODE = YES;
				CLANG_WARN__DUPLICATE_METHOD_MATCH = YES;
				COPY_PHASE_STRIP = NO;
				DEBUG_INFORMATION_FORMAT = "dwarf-with-dsym";
				ENABLE_NS_ASSERTIONS = NO;
				ENABLE_STRICT_OBJC_MSGSEND = YES;
				GCC_C_LANGUAGE_STANDARD = gnu11;
				GCC_NO_COMMON_BLOCKS = YES;
				GCC_WARN_64_TO_32_BIT_CONVERSION = YES;
				GCC_WARN_ABOUT_RETURN_TYPE = YES_ERROR;
				GCC_WARN_UNDECLARED_SELECTOR = YES;
				GCC_WARN_UNINITIALIZED_AUTOS = YES_AGGRESSIVE;
				GCC_WARN_UNUSED_FUNCTION = YES;
				GCC_WARN_UNUSED_VARIABLE = YES;
				IPHONEOS_DEPLOYMENT_TARGET = 14.2;
				MTL_ENABLE_DEBUG_INFO = NO;
				MTL_FAST_MATH = YES;
				SDKROOT = iphoneos;
				SWIFT_COMPILATION_MODE = wholemodule;
				SWIFT_OPTIMIZATION_LEVEL = "-O";
				VALIDATE_PRODUCT = YES;
			};
			name = Release;
		};
		A6D86B4E2603E8070088202E /* Debug */ = {
			isa = XCBuildConfiguration;
			baseConfigurationReference = 3E941EAE6FA47ADCCB7DBCB6 /* Pods-WeatherApp.debug.xcconfig */;
			buildSettings = {
				ASSETCATALOG_COMPILER_APPICON_NAME = AppIcon;
				ASSETCATALOG_COMPILER_GLOBAL_ACCENT_COLOR_NAME = AccentColor;
				CODE_SIGN_STYLE = Automatic;
				DEVELOPMENT_TEAM = 9Y94J8V38R;
				INFOPLIST_FILE = WeatherApp/Info.plist;
				LD_RUNPATH_SEARCH_PATHS = (
					"$(inherited)",
					"@executable_path/Frameworks",
				);
				PRODUCT_BUNDLE_IDENTIFIER = WeatherApp;
				PRODUCT_NAME = "$(TARGET_NAME)";
				SWIFT_VERSION = 5.0;
				TARGETED_DEVICE_FAMILY = "1,2";
			};
			name = Debug;
		};
		A6D86B4F2603E8070088202E /* Release */ = {
			isa = XCBuildConfiguration;
			baseConfigurationReference = 26C1FD52A1DC98699F1F848E /* Pods-WeatherApp.release.xcconfig */;
			buildSettings = {
				ASSETCATALOG_COMPILER_APPICON_NAME = AppIcon;
				ASSETCATALOG_COMPILER_GLOBAL_ACCENT_COLOR_NAME = AccentColor;
				CODE_SIGN_STYLE = Automatic;
				DEVELOPMENT_TEAM = 9Y94J8V38R;
				INFOPLIST_FILE = WeatherApp/Info.plist;
				LD_RUNPATH_SEARCH_PATHS = (
					"$(inherited)",
					"@executable_path/Frameworks",
				);
				PRODUCT_BUNDLE_IDENTIFIER = WeatherApp;
				PRODUCT_NAME = "$(TARGET_NAME)";
				SWIFT_VERSION = 5.0;
				TARGETED_DEVICE_FAMILY = "1,2";
			};
			name = Release;
		};
/* End XCBuildConfiguration section */

/* Begin XCConfigurationList section */
		A6D86B342603E8040088202E /* Build configuration list for PBXProject "WeatherApp" */ = {
			isa = XCConfigurationList;
			buildConfigurations = (
				A6D86B4B2603E8070088202E /* Debug */,
				A6D86B4C2603E8070088202E /* Release */,
			);
			defaultConfigurationIsVisible = 0;
			defaultConfigurationName = Release;
		};
		A6D86B4D2603E8070088202E /* Build configuration list for PBXNativeTarget "WeatherApp" */ = {
			isa = XCConfigurationList;
			buildConfigurations = (
				A6D86B4E2603E8070088202E /* Debug */,
				A6D86B4F2603E8070088202E /* Release */,
			);
			defaultConfigurationIsVisible = 0;
			defaultConfigurationName = Release;
		};
/* End XCConfigurationList section */
	};
	rootObject = A6D86B312603E8040088202E /* Project object */;
}
